PODS:
  - DropDownMenuKit (0.9)
  - Nimble (9.0.0)
  - Quick (3.0.0)
  - SwiftDate (6.3.1)
  - SwiftLint (0.41.0)
  - WRCalendarView (1.3):
    - SwiftDate

DEPENDENCIES:
  - DropDownMenuKit (from `https://github.com/qmathe/DropDownMenuKit.git`)
  - Nimble
  - Quick
  - SwiftLint
  - WRCalendarView (from `../`)

SPEC REPOS:
  trunk:
    - Nimble
    - Quick
    - SwiftDate
    - SwiftLint

EXTERNAL SOURCES:
  DropDownMenuKit:
    :git: https://github.com/qmathe/DropDownMenuKit.git
  WRCalendarView:
    :path: "../"

CHECKOUT OPTIONS:
  DropDownMenuKit:
    :commit: 30d99592bceced57ab3e2b9394833e44c1398275
    :git: https://github.com/qmathe/DropDownMenuKit.git

SPEC CHECKSUMS:
  DropDownMenuKit: 9046ae8d45242dee49069ab237ba37cb7678319a
  Nimble: 3b4ec3fd40f1dc178058e0981107721c615643d8
  Quick: 6d9559f40647bc4d510103842ef2fdd882d753e2
  SwiftDate: 72d28954e8e1c6c1c0f917ccc8005e4f83c7d4b2
  SwiftLint: c585ebd615d9520d7fbdbe151f527977b0534f1e
  WRCalendarView: f0d8da093bc6b8f5354f4e957287f3f849bad33c

PODFILE CHECKSUM: 5865ffa1cdfe6c89a2c5a2fe6fbdc1f51cec9d75

COCOAPODS: 1.10.0
