PODS:
  - DropDownMenuKit (0.8.5)
  - Nimble (8.0.1)
  - Quick (2.0.0)
  - SwiftDate (6.0.1)
  - SwiftLint (0.31.0)
  - WRCalendarView (1.1):
    - SwiftDate

DEPENDENCIES:
  - DropDownMenuKit (from `https://github.com/qmathe/DropDownMenuKit.git`)
  - Nimble
  - Quick
  - SwiftLint
  - WRCalendarView (from `../`)

SPEC REPOS:
  https://github.com/cocoapods/specs.git:
    - Nimble
    - Quick
    - SwiftDate
    - SwiftLint

EXTERNAL SOURCES:
  DropDownMenuKit:
    :git: https://github.com/qmathe/DropDownMenuKit.git
  WRCalendarView:
    :path: "../"

CHECKOUT OPTIONS:
  DropDownMenuKit:
    :commit: 86a9eefadf297d2014bbe7dfb3e11699dabc68ca
    :git: https://github.com/qmathe/DropDownMenuKit.git

SPEC CHECKSUMS:
  DropDownMenuKit: 24713d2eb329ccd6b2de521222cd70e876a96b31
  Nimble: 45f786ae66faa9a709624227fae502db55a8bdd0
  Quick: ce1276c7c27ba2da3cb2fd0cde053c3648b3b22d
  SwiftDate: 2b3ef6b8fc30c22391033d1acad5622a51660016
  SwiftLint: 7a0227733d786395817373b2d0ca799fd0093ff3
  WRCalendarView: fc2cc00cdf82d215b36699a81d4401ef5ce107d2

PODFILE CHECKSUM: 5865ffa1cdfe6c89a2c5a2fe6fbdc1f51cec9d75

COCOAPODS: 1.6.1
